// !$*UTF8*$!
{
	archiveVersion = 1;
	classes = {
	};
	objectVersion = 54;
	objects = {

/* Begin PBXBuildFile section */
		00E356F31AD99517003FC87E /* JewelCartTests.m in Sources */ = {isa = PBXBuildFile; fileRef = 00E356F21AD99517003FC87E /* JewelCartTests.m */; };
		02CC16E5ED7B44858761850C /* Lato-Semibold.ttf in Resources */ = {isa = PBXBuildFile; fileRef = 28B15F59ECCC482C8C235C54 /* Lato-Semibold.ttf */; };
		046852DEA7B44679913B5300 /* MaterialIcons.ttf in Resources */ = {isa = PBXBuildFile; fileRef = 1392B63A69DD400AA3857B10 /* MaterialIcons.ttf */; };
		07D695E035404F16A8B6FFF9 /* Octicons.ttf in Resources */ = {isa = PBXBuildFile; fileRef = 35EB070083AD4A9BB4D84ADF /* Octicons.ttf */; };
		091B1062B540F65AE43F1EE2 /* libPods-JewelCart-JewelCartTests.a in Frameworks */ = {isa = PBXBuildFile; fileRef = 8E41F909FDC50FE00F3DD76A /* libPods-JewelCart-JewelCartTests.a */; };
		0D6EAD1EFFD34BE3A06FAB91 /* Montserrat-Regular.ttf in Resources */ = {isa = PBXBuildFile; fileRef = 9F6D5EBAE9814B1BA4D370E0 /* Montserrat-Regular.ttf */; };
		13B07FBC1A68108700A75B9A /* AppDelegate.m in Sources */ = {isa = PBXBuildFile; fileRef = 13B07FB01A68108700A75B9A /* AppDelegate.m */; };
		13B07FBF1A68108700A75B9A /* Images.xcassets in Resources */ = {isa = PBXBuildFile; fileRef = 13B07FB51A68108700A75B9A /* Images.xcassets */; };
		13B07FC11A68108700A75B9A /* main.m in Sources */ = {isa = PBXBuildFile; fileRef = 13B07FB71A68108700A75B9A /* main.m */; };
		25431BCC69AD452EB3691D8C /* Montserrat-Medium.ttf in Resources */ = {isa = PBXBuildFile; fileRef = 85DC0D4CC12A4437B0371846 /* Montserrat-Medium.ttf */; };
		2576063B270449679C902AD9 /* Montserrat-SemiBold.ttf in Resources */ = {isa = PBXBuildFile; fileRef = D91F605CC85343EFA83B7B03 /* Montserrat-SemiBold.ttf */; };
		2BD533704D0143B7A83A3B33 /* FontAwesome5_Brands.ttf in Resources */ = {isa = PBXBuildFile; fileRef = B06AF3FB14AA446187FDE275 /* FontAwesome5_Brands.ttf */; };
		2F19CBBCE7D04FC1A669641A /* Montserrat-ThinItalic.ttf in Resources */ = {isa = PBXBuildFile; fileRef = A0089C6C54F84E3F976C3C15 /* Montserrat-ThinItalic.ttf */; };
		31D5931403CC4D369719282D /* Roboto.ttf in Resources */ = {isa = PBXBuildFile; fileRef = B6EAB5A672424974953C4669 /* Roboto.ttf */; };
		37EDC3F94C8D41209C79ADC9 /* SimpleLineIcons.ttf in Resources */ = {isa = PBXBuildFile; fileRef = 90D731F2DD3B464AB7FD1DE8 /* SimpleLineIcons.ttf */; };
		385EFD4B671D4BAAA7E9372E /* Lato-Bold.ttf in Resources */ = {isa = PBXBuildFile; fileRef = EB013E06881D48C99EA08D80 /* Lato-Bold.ttf */; };
		4F0EE00EB83E419E9FF7239E /* Foundation.ttf in Resources */ = {isa = PBXBuildFile; fileRef = 10BAE82C9629486896656937 /* Foundation.ttf */; };
		50F2FC1139894C40ABE18F2B /* Montserrat-Black.ttf in Resources */ = {isa = PBXBuildFile; fileRef = 20A1F0330D774786A1E0F53E /* Montserrat-Black.ttf */; };
		5A1F322575FD40E5BD34321E /* Entypo.ttf in Resources */ = {isa = PBXBuildFile; fileRef = 5ACEC2270F8A4B20A71B5F27 /* Entypo.ttf */; };
		63681470C2EB49C696BA62B6 /* EvilIcons.ttf in Resources */ = {isa = PBXBuildFile; fileRef = 6CAF8D9167294814955C07F7 /* EvilIcons.ttf */; };
		68025EB88BC14A47B0544078 /* Montserrat-ExtraLight.ttf in Resources */ = {isa = PBXBuildFile; fileRef = 8068BB101D0749F9B48525A4 /* Montserrat-ExtraLight.ttf */; };
		6BCFA51091F4411DA69A8581 /* Lato-Medium.ttf in Resources */ = {isa = PBXBuildFile; fileRef = C52C99F81DA944CBB6483801 /* Lato-Medium.ttf */; };
		736E0F01EEE740BEB32ACDBE /* Montserrat-ExtraLightItalic.ttf in Resources */ = {isa = PBXBuildFile; fileRef = 6AF5A812598D45EFABF01897 /* Montserrat-ExtraLightItalic.ttf */; };
		7A3D999159744332B38CC33A /* FontAwesome5_Regular.ttf in Resources */ = {isa = PBXBuildFile; fileRef = ACDBCF9C7BEB406385AFB4BE /* FontAwesome5_Regular.ttf */; };
		7CCF0C4E04244E62A3DDA13A /* Montserrat-Italic.ttf in Resources */ = {isa = PBXBuildFile; fileRef = C0824AC05FF84C77ACD7F8DB /* Montserrat-Italic.ttf */; };
		81AB9BB82411601600AC10FF /* LaunchScreen.storyboard in Resources */ = {isa = PBXBuildFile; fileRef = 81AB9BB72411601600AC10FF /* LaunchScreen.storyboard */; };
		824EBE18B4F14B0089E88737 /* rubicon-icon-font.ttf in Resources */ = {isa = PBXBuildFile; fileRef = C72E9D04B8CD495498D3FB76 /* rubicon-icon-font.ttf */; };
		873DB722B7A64E54BA1C1AD4 /* FontAwesome5_Solid.ttf in Resources */ = {isa = PBXBuildFile; fileRef = 5CA18B94A39749818745859E /* FontAwesome5_Solid.ttf */; };
		8A5083ED5C0947CE941821B3 /* MaterialCommunityIcons.ttf in Resources */ = {isa = PBXBuildFile; fileRef = 27B3BA0BC8BE4376A75BF9FB /* MaterialCommunityIcons.ttf */; };
		8E251AFC2EB2A0AE524FD74B /* libPods-JewelCart.a in Frameworks */ = {isa = PBXBuildFile; fileRef = 45801174AD7DC64327627B5C /* libPods-JewelCart.a */; };
		8F482A68FA344E84B9D1D216 /* Roboto_medium.ttf in Resources */ = {isa = PBXBuildFile; fileRef = 6D9368C8DC944690823DC6D5 /* Roboto_medium.ttf */; };
		9306EE88DEB5469293D63011 /* Fontisto.ttf in Resources */ = {isa = PBXBuildFile; fileRef = 63CD085A22F742E391EECB04 /* Fontisto.ttf */; };
		9CFFF9247B8F448F82FC5B64 /* Montserrat-Thin.ttf in Resources */ = {isa = PBXBuildFile; fileRef = B5D9C105280F4AC0B36CA63D /* Montserrat-Thin.ttf */; };
		9F388400FD5849A08FE9F4FB /* Montserrat-LightItalic.ttf in Resources */ = {isa = PBXBuildFile; fileRef = 188DB72280974B8F937A2E24 /* Montserrat-LightItalic.ttf */; };
		A06558F5621F4F2EA4CE0CAF /* Ionicons.ttf in Resources */ = {isa = PBXBuildFile; fileRef = 7F2FC0F4C2F24762A0901F4B /* Ionicons.ttf */; };
		B4ECBF7E577E427BB9F3ADB7 /* FontAwesome.ttf in Resources */ = {isa = PBXBuildFile; fileRef = 5EABF142D706498D943396BA /* FontAwesome.ttf */; };
		B6CFC2A72F184C22BAC245C6 /* Zocial.ttf in Resources */ = {isa = PBXBuildFile; fileRef = A3484DC0F40D488A8F32AEAA /* Zocial.ttf */; };
		BB7E0D0376EE4979BEE8854B /* CenturyGothic.ttf in Resources */ = {isa = PBXBuildFile; fileRef = 2B6D90FF0DF9406899E9656F /* CenturyGothic.ttf */; };
		C32BC535561D4C59AF7F32F6 /* Feather.ttf in Resources */ = {isa = PBXBuildFile; fileRef = E612EE0B7BC848AABEEFA444 /* Feather.ttf */; };
		D0BC3CE22F254687AD6609C8 /* Lato-Regular.ttf in Resources */ = {isa = PBXBuildFile; fileRef = 0AB62E9F9C4E44EFB076B13F /* Lato-Regular.ttf */; };
		D10E596608CF4D28A0EAD02E /* AntDesign.ttf in Resources */ = {isa = PBXBuildFile; fileRef = 7A6420B8B44945F6B8D7D6AC /* AntDesign.ttf */; };
		D9C96DA531414139BBE86022 /* Montserrat-ExtraBold.ttf in Resources */ = {isa = PBXBuildFile; fileRef = A4F788C95C254782A52E8B70 /* Montserrat-ExtraBold.ttf */; };
		DE0676C802004BE3A76F8A02 /* Montserrat-Light.ttf in Resources */ = {isa = PBXBuildFile; fileRef = F8DAFE43DD534A4CABD31C59 /* Montserrat-Light.ttf */; };
		EA0C7840F4634EF3A2153121 /* Montserrat-Bold.ttf in Resources */ = {isa = PBXBuildFile; fileRef = 10B7B29463514084AF0841B0 /* Montserrat-Bold.ttf */; };
/* End PBXBuildFile section */

/* Begin PBXContainerItemProxy section */
		00E356F41AD99517003FC87E /* PBXContainerItemProxy */ = {
			isa = PBXContainerItemProxy;
			containerPortal = 83CBB9F71A601CBA00E9B192 /* Project object */;
			proxyType = 1;
			remoteGlobalIDString = 13B07F861A680F5B00A75B9A;
			remoteInfo = JewelCart;
		};
/* End PBXContainerItemProxy section */

/* Begin PBXFileReference section */
		00E356EE1AD99517003FC87E /* JewelCartTests.xctest */ = {isa = PBXFileReference; explicitFileType = wrapper.cfbundle; includeInIndex = 0; path = JewelCartTests.xctest; sourceTree = BUILT_PRODUCTS_DIR; };
		00E356F11AD99517003FC87E /* Info.plist */ = {isa = PBXFileReference; lastKnownFileType = text.plist.xml; path = Info.plist; sourceTree = "<group>"; };
		00E356F21AD99517003FC87E /* JewelCartTests.m */ = {isa = PBXFileReference; lastKnownFileType = sourcecode.c.objc; path = JewelCartTests.m; sourceTree = "<group>"; };
		020188A72D18481292444703 /* MaterialIcons.ttf */ = {isa = PBXFileReference; explicitFileType = undefined; fileEncoding = 9; includeInIndex = 0; lastKnownFileType = unknown; name = MaterialIcons.ttf; path = "../node_modules/react-native-vector-icons/Fonts/MaterialIcons.ttf"; sourceTree = "<group>"; };
		0AB62E9F9C4E44EFB076B13F /* Lato-Regular.ttf */ = {isa = PBXFileReference; explicitFileType = undefined; fileEncoding = 9; includeInIndex = 0; lastKnownFileType = unknown; name = "Lato-Regular.ttf"; path = "../assets/fonts/Lato-Regular.ttf"; sourceTree = "<group>"; };
		10B7B29463514084AF0841B0 /* Montserrat-Bold.ttf */ = {isa = PBXFileReference; explicitFileType = undefined; fileEncoding = 9; includeInIndex = 0; lastKnownFileType = unknown; name = "Montserrat-Bold.ttf"; path = "../assets/fonts/Montserrat-Bold.ttf"; sourceTree = "<group>"; };
		10BAE82C9629486896656937 /* Foundation.ttf */ = {isa = PBXFileReference; explicitFileType = undefined; fileEncoding = undefined; includeInIndex = 0; lastKnownFileType = unknown; name = Foundation.ttf; path = "../node_modules/native-base/Fonts/Foundation.ttf"; sourceTree = "<group>"; };
		1392B63A69DD400AA3857B10 /* MaterialIcons.ttf */ = {isa = PBXFileReference; explicitFileType = undefined; fileEncoding = undefined; includeInIndex = 0; lastKnownFileType = unknown; name = MaterialIcons.ttf; path = "../node_modules/native-base/Fonts/MaterialIcons.ttf"; sourceTree = "<group>"; };
		13B07F961A680F5B00A75B9A /* JewelCart.app */ = {isa = PBXFileReference; explicitFileType = wrapper.application; includeInIndex = 0; path = JewelCart.app; sourceTree = BUILT_PRODUCTS_DIR; };
		13B07FAF1A68108700A75B9A /* AppDelegate.h */ = {isa = PBXFileReference; fileEncoding = 4; lastKnownFileType = sourcecode.c.h; name = AppDelegate.h; path = JewelCart/AppDelegate.h; sourceTree = "<group>"; };
		13B07FB01A68108700A75B9A /* AppDelegate.m */ = {isa = PBXFileReference; fileEncoding = 4; lastKnownFileType = sourcecode.c.objc; name = AppDelegate.m; path = JewelCart/AppDelegate.m; sourceTree = "<group>"; };
		13B07FB51A68108700A75B9A /* Images.xcassets */ = {isa = PBXFileReference; lastKnownFileType = folder.assetcatalog; name = Images.xcassets; path = JewelCart/Images.xcassets; sourceTree = "<group>"; };
		13B07FB61A68108700A75B9A /* Info.plist */ = {isa = PBXFileReference; fileEncoding = 4; lastKnownFileType = text.plist.xml; name = Info.plist; path = JewelCart/Info.plist; sourceTree = "<group>"; };
		13B07FB71A68108700A75B9A /* main.m */ = {isa = PBXFileReference; fileEncoding = 4; lastKnownFileType = sourcecode.c.objc; name = main.m; path = JewelCart/main.m; sourceTree = "<group>"; };
		188DB72280974B8F937A2E24 /* Montserrat-LightItalic.ttf */ = {isa = PBXFileReference; explicitFileType = undefined; fileEncoding = 9; includeInIndex = 0; lastKnownFileType = unknown; name = "Montserrat-LightItalic.ttf"; path = "../assets/fonts/Montserrat-LightItalic.ttf"; sourceTree = "<group>"; };
		1D472697466A8FC5FFA2E3BC /* Pods-JewelCart.debug.xcconfig */ = {isa = PBXFileReference; includeInIndex = 1; lastKnownFileType = text.xcconfig; name = "Pods-JewelCart.debug.xcconfig"; path = "Target Support Files/Pods-JewelCart/Pods-JewelCart.debug.xcconfig"; sourceTree = "<group>"; };
		20A1F0330D774786A1E0F53E /* Montserrat-Black.ttf */ = {isa = PBXFileReference; explicitFileType = undefined; fileEncoding = 9; includeInIndex = 0; lastKnownFileType = unknown; name = "Montserrat-Black.ttf"; path = "../assets/fonts/Montserrat-Black.ttf"; sourceTree = "<group>"; };
		27B3BA0BC8BE4376A75BF9FB /* MaterialCommunityIcons.ttf */ = {isa = PBXFileReference; explicitFileType = undefined; fileEncoding = undefined; includeInIndex = 0; lastKnownFileType = unknown; name = MaterialCommunityIcons.ttf; path = "../node_modules/native-base/Fonts/MaterialCommunityIcons.ttf"; sourceTree = "<group>"; };
		28B15F59ECCC482C8C235C54 /* Lato-Semibold.ttf */ = {isa = PBXFileReference; explicitFileType = undefined; fileEncoding = 9; includeInIndex = 0; lastKnownFileType = unknown; name = "Lato-Semibold.ttf"; path = "../assets/fonts/Lato-Semibold.ttf"; sourceTree = "<group>"; };
		2B6D90FF0DF9406899E9656F /* CenturyGothic.ttf */ = {isa = PBXFileReference; explicitFileType = undefined; fileEncoding = 9; includeInIndex = 0; lastKnownFileType = unknown; name = CenturyGothic.ttf; path = ../assets/fonts/CenturyGothic.ttf; sourceTree = "<group>"; };
		35EB070083AD4A9BB4D84ADF /* Octicons.ttf */ = {isa = PBXFileReference; explicitFileType = undefined; fileEncoding = undefined; includeInIndex = 0; lastKnownFileType = unknown; name = Octicons.ttf; path = "../node_modules/native-base/Fonts/Octicons.ttf"; sourceTree = "<group>"; };
		364AD209A7E642E183E7B509 /* Entypo.ttf */ = {isa = PBXFileReference; explicitFileType = undefined; fileEncoding = 9; includeInIndex = 0; lastKnownFileType = unknown; name = Entypo.ttf; path = "../node_modules/react-native-vector-icons/Fonts/Entypo.ttf"; sourceTree = "<group>"; };
		45801174AD7DC64327627B5C /* libPods-JewelCart.a */ = {isa = PBXFileReference; explicitFileType = archive.ar; includeInIndex = 0; path = "libPods-JewelCart.a"; sourceTree = BUILT_PRODUCTS_DIR; };
		5498CDACE3A442AEA3580B12 /* MaterialCommunityIcons.ttf */ = {isa = PBXFileReference; explicitFileType = undefined; fileEncoding = 9; includeInIndex = 0; lastKnownFileType = unknown; name = MaterialCommunityIcons.ttf; path = "../node_modules/react-native-vector-icons/Fonts/MaterialCommunityIcons.ttf"; sourceTree = "<group>"; };
		5ACEC2270F8A4B20A71B5F27 /* Entypo.ttf */ = {isa = PBXFileReference; explicitFileType = undefined; fileEncoding = undefined; includeInIndex = 0; lastKnownFileType = unknown; name = Entypo.ttf; path = "../node_modules/native-base/Fonts/Entypo.ttf"; sourceTree = "<group>"; };
		5CA18B94A39749818745859E /* FontAwesome5_Solid.ttf */ = {isa = PBXFileReference; explicitFileType = undefined; fileEncoding = undefined; includeInIndex = 0; lastKnownFileType = unknown; name = FontAwesome5_Solid.ttf; path = "../node_modules/native-base/Fonts/FontAwesome5_Solid.ttf"; sourceTree = "<group>"; };
		5EABF142D706498D943396BA /* FontAwesome.ttf */ = {isa = PBXFileReference; explicitFileType = undefined; fileEncoding = undefined; includeInIndex = 0; lastKnownFileType = unknown; name = FontAwesome.ttf; path = "../node_modules/native-base/Fonts/FontAwesome.ttf"; sourceTree = "<group>"; };
		63CD085A22F742E391EECB04 /* Fontisto.ttf */ = {isa = PBXFileReference; explicitFileType = undefined; fileEncoding = undefined; includeInIndex = 0; lastKnownFileType = unknown; name = Fontisto.ttf; path = "../node_modules/native-base/Fonts/Fontisto.ttf"; sourceTree = "<group>"; };
		6AF5A812598D45EFABF01897 /* Montserrat-ExtraLightItalic.ttf */ = {isa = PBXFileReference; explicitFileType = undefined; fileEncoding = 9; includeInIndex = 0; lastKnownFileType = unknown; name = "Montserrat-ExtraLightItalic.ttf"; path = "../assets/fonts/Montserrat-ExtraLightItalic.ttf"; sourceTree = "<group>"; };
		6CAF8D9167294814955C07F7 /* EvilIcons.ttf */ = {isa = PBXFileReference; explicitFileType = undefined; fileEncoding = undefined; includeInIndex = 0; lastKnownFileType = unknown; name = EvilIcons.ttf; path = "../node_modules/native-base/Fonts/EvilIcons.ttf"; sourceTree = "<group>"; };
		6D9368C8DC944690823DC6D5 /* Roboto_medium.ttf */ = {isa = PBXFileReference; explicitFileType = undefined; fileEncoding = undefined; includeInIndex = 0; lastKnownFileType = unknown; name = Roboto_medium.ttf; path = "../node_modules/native-base/Fonts/Roboto_medium.ttf"; sourceTree = "<group>"; };
		7A6420B8B44945F6B8D7D6AC /* AntDesign.ttf */ = {isa = PBXFileReference; explicitFileType = undefined; fileEncoding = undefined; includeInIndex = 0; lastKnownFileType = unknown; name = AntDesign.ttf; path = "../node_modules/native-base/Fonts/AntDesign.ttf"; sourceTree = "<group>"; };
		7F2FC0F4C2F24762A0901F4B /* Ionicons.ttf */ = {isa = PBXFileReference; explicitFileType = undefined; fileEncoding = undefined; includeInIndex = 0; lastKnownFileType = unknown; name = Ionicons.ttf; path = "../node_modules/native-base/Fonts/Ionicons.ttf"; sourceTree = "<group>"; };
		8068BB101D0749F9B48525A4 /* Montserrat-ExtraLight.ttf */ = {isa = PBXFileReference; explicitFileType = undefined; fileEncoding = 9; includeInIndex = 0; lastKnownFileType = unknown; name = "Montserrat-ExtraLight.ttf"; path = "../assets/fonts/Montserrat-ExtraLight.ttf"; sourceTree = "<group>"; };
		81AB9BB72411601600AC10FF /* LaunchScreen.storyboard */ = {isa = PBXFileReference; fileEncoding = 4; lastKnownFileType = file.storyboard; name = LaunchScreen.storyboard; path = JewelCart/LaunchScreen.storyboard; sourceTree = "<group>"; };
		8385D925CE384FC19AB1AAF5 /* Octicons.ttf */ = {isa = PBXFileReference; explicitFileType = undefined; fileEncoding = 9; includeInIndex = 0; lastKnownFileType = unknown; name = Octicons.ttf; path = "../node_modules/react-native-vector-icons/Fonts/Octicons.ttf"; sourceTree = "<group>"; };
		85DC0D4CC12A4437B0371846 /* Montserrat-Medium.ttf */ = {isa = PBXFileReference; explicitFileType = undefined; fileEncoding = 9; includeInIndex = 0; lastKnownFileType = unknown; name = "Montserrat-Medium.ttf"; path = "../assets/fonts/Montserrat-Medium.ttf"; sourceTree = "<group>"; };
		88B67E3677494646AD1F0E9F /* Fontisto.ttf */ = {isa = PBXFileReference; explicitFileType = undefined; fileEncoding = 9; includeInIndex = 0; lastKnownFileType = unknown; name = Fontisto.ttf; path = "../node_modules/react-native-vector-icons/Fonts/Fontisto.ttf"; sourceTree = "<group>"; };
		8E41F909FDC50FE00F3DD76A /* libPods-JewelCart-JewelCartTests.a */ = {isa = PBXFileReference; explicitFileType = archive.ar; includeInIndex = 0; path = "libPods-JewelCart-JewelCartTests.a"; sourceTree = BUILT_PRODUCTS_DIR; };
		90D731F2DD3B464AB7FD1DE8 /* SimpleLineIcons.ttf */ = {isa = PBXFileReference; explicitFileType = undefined; fileEncoding = undefined; includeInIndex = 0; lastKnownFileType = unknown; name = SimpleLineIcons.ttf; path = "../node_modules/native-base/Fonts/SimpleLineIcons.ttf"; sourceTree = "<group>"; };
		99FDED84068E4759844639FA /* Zocial.ttf */ = {isa = PBXFileReference; explicitFileType = undefined; fileEncoding = 9; includeInIndex = 0; lastKnownFileType = unknown; name = Zocial.ttf; path = "../node_modules/react-native-vector-icons/Fonts/Zocial.ttf"; sourceTree = "<group>"; };
		9F6D5EBAE9814B1BA4D370E0 /* Montserrat-Regular.ttf */ = {isa = PBXFileReference; explicitFileType = undefined; fileEncoding = 9; includeInIndex = 0; lastKnownFileType = unknown; name = "Montserrat-Regular.ttf"; path = "../assets/fonts/Montserrat-Regular.ttf"; sourceTree = "<group>"; };
		A0089C6C54F84E3F976C3C15 /* Montserrat-ThinItalic.ttf */ = {isa = PBXFileReference; explicitFileType = undefined; fileEncoding = 9; includeInIndex = 0; lastKnownFileType = unknown; name = "Montserrat-ThinItalic.ttf"; path = "../assets/fonts/Montserrat-ThinItalic.ttf"; sourceTree = "<group>"; };
		A0351270A32A438085045D6C /* Feather.ttf */ = {isa = PBXFileReference; explicitFileType = undefined; fileEncoding = 9; includeInIndex = 0; lastKnownFileType = unknown; name = Feather.ttf; path = "../node_modules/react-native-vector-icons/Fonts/Feather.ttf"; sourceTree = "<group>"; };
		A2DAB9D038254CF499ED155A /* FontAwesome5_Regular.ttf */ = {isa = PBXFileReference; explicitFileType = undefined; fileEncoding = 9; includeInIndex = 0; lastKnownFileType = unknown; name = FontAwesome5_Regular.ttf; path = "../node_modules/react-native-vector-icons/Fonts/FontAwesome5_Regular.ttf"; sourceTree = "<group>"; };
		A3484DC0F40D488A8F32AEAA /* Zocial.ttf */ = {isa = PBXFileReference; explicitFileType = undefined; fileEncoding = undefined; includeInIndex = 0; lastKnownFileType = unknown; name = Zocial.ttf; path = "../node_modules/native-base/Fonts/Zocial.ttf"; sourceTree = "<group>"; };
		A4F788C95C254782A52E8B70 /* Montserrat-ExtraBold.ttf */ = {isa = PBXFileReference; explicitFileType = undefined; fileEncoding = 9; includeInIndex = 0; lastKnownFileType = unknown; name = "Montserrat-ExtraBold.ttf"; path = "../assets/fonts/Montserrat-ExtraBold.ttf"; sourceTree = "<group>"; };
		A5FF4C0B75D83EEB0C938658 /* Pods-JewelCart-JewelCartTests.debug.xcconfig */ = {isa = PBXFileReference; includeInIndex = 1; lastKnownFileType = text.xcconfig; name = "Pods-JewelCart-JewelCartTests.debug.xcconfig"; path = "Target Support Files/Pods-JewelCart-JewelCartTests/Pods-JewelCart-JewelCartTests.debug.xcconfig"; sourceTree = "<group>"; };
		A70063CEF5564BD894BB4210 /* Foundation.ttf */ = {isa = PBXFileReference; explicitFileType = undefined; fileEncoding = 9; includeInIndex = 0; lastKnownFileType = unknown; name = Foundation.ttf; path = "../node_modules/react-native-vector-icons/Fonts/Foundation.ttf"; sourceTree = "<group>"; };
		A9EE47B093B6D6CA2F250C61 /* Pods-JewelCart.release.xcconfig */ = {isa = PBXFileReference; includeInIndex = 1; lastKnownFileType = text.xcconfig; name = "Pods-JewelCart.release.xcconfig"; path = "Target Support Files/Pods-JewelCart/Pods-JewelCart.release.xcconfig"; sourceTree = "<group>"; };
		ACDBCF9C7BEB406385AFB4BE /* FontAwesome5_Regular.ttf */ = {isa = PBXFileReference; explicitFileType = undefined; fileEncoding = undefined; includeInIndex = 0; lastKnownFileType = unknown; name = FontAwesome5_Regular.ttf; path = "../node_modules/native-base/Fonts/FontAwesome5_Regular.ttf"; sourceTree = "<group>"; };
		B06AF3FB14AA446187FDE275 /* FontAwesome5_Brands.ttf */ = {isa = PBXFileReference; explicitFileType = undefined; fileEncoding = undefined; includeInIndex = 0; lastKnownFileType = unknown; name = FontAwesome5_Brands.ttf; path = "../node_modules/native-base/Fonts/FontAwesome5_Brands.ttf"; sourceTree = "<group>"; };
		B5D9C105280F4AC0B36CA63D /* Montserrat-Thin.ttf */ = {isa = PBXFileReference; explicitFileType = undefined; fileEncoding = 9; includeInIndex = 0; lastKnownFileType = unknown; name = "Montserrat-Thin.ttf"; path = "../assets/fonts/Montserrat-Thin.ttf"; sourceTree = "<group>"; };
		B6EAB5A672424974953C4669 /* Roboto.ttf */ = {isa = PBXFileReference; explicitFileType = undefined; fileEncoding = undefined; includeInIndex = 0; lastKnownFileType = unknown; name = Roboto.ttf; path = "../node_modules/native-base/Fonts/Roboto.ttf"; sourceTree = "<group>"; };
		C0824AC05FF84C77ACD7F8DB /* Montserrat-Italic.ttf */ = {isa = PBXFileReference; explicitFileType = undefined; fileEncoding = 9; includeInIndex = 0; lastKnownFileType = unknown; name = "Montserrat-Italic.ttf"; path = "../assets/fonts/Montserrat-Italic.ttf"; sourceTree = "<group>"; };
		C16180E4C47D40E18117C90E /* FontAwesome.ttf */ = {isa = PBXFileReference; explicitFileType = undefined; fileEncoding = 9; includeInIndex = 0; lastKnownFileType = unknown; name = FontAwesome.ttf; path = "../node_modules/react-native-vector-icons/Fonts/FontAwesome.ttf"; sourceTree = "<group>"; };
		C19FE842DC584C278D3291DF /* EvilIcons.ttf */ = {isa = PBXFileReference; explicitFileType = undefined; fileEncoding = 9; includeInIndex = 0; lastKnownFileType = unknown; name = EvilIcons.ttf; path = "../node_modules/react-native-vector-icons/Fonts/EvilIcons.ttf"; sourceTree = "<group>"; };
		C514E9FA9DDE48C598A8B95C /* Ionicons.ttf */ = {isa = PBXFileReference; explicitFileType = undefined; fileEncoding = 9; includeInIndex = 0; lastKnownFileType = unknown; name = Ionicons.ttf; path = "../node_modules/react-native-vector-icons/Fonts/Ionicons.ttf"; sourceTree = "<group>"; };
		C52C99F81DA944CBB6483801 /* Lato-Medium.ttf */ = {isa = PBXFileReference; explicitFileType = undefined; fileEncoding = 9; includeInIndex = 0; lastKnownFileType = unknown; name = "Lato-Medium.ttf"; path = "../assets/fonts/Lato-Medium.ttf"; sourceTree = "<group>"; };
		C72E9D04B8CD495498D3FB76 /* rubicon-icon-font.ttf */ = {isa = PBXFileReference; explicitFileType = undefined; fileEncoding = undefined; includeInIndex = 0; lastKnownFileType = unknown; name = "rubicon-icon-font.ttf"; path = "../node_modules/native-base/Fonts/rubicon-icon-font.ttf"; sourceTree = "<group>"; };
		C81CF55DE3B16E53F89ACBD6 /* Pods-JewelCart-JewelCartTests.release.xcconfig */ = {isa = PBXFileReference; includeInIndex = 1; lastKnownFileType = text.xcconfig; name = "Pods-JewelCart-JewelCartTests.release.xcconfig"; path = "Target Support Files/Pods-JewelCart-JewelCartTests/Pods-JewelCart-JewelCartTests.release.xcconfig"; sourceTree = "<group>"; };
		CB4BE8485E824D3484378197 /* AntDesign.ttf */ = {isa = PBXFileReference; explicitFileType = undefined; fileEncoding = 9; includeInIndex = 0; lastKnownFileType = unknown; name = AntDesign.ttf; path = "../node_modules/react-native-vector-icons/Fonts/AntDesign.ttf"; sourceTree = "<group>"; };
		D91F605CC85343EFA83B7B03 /* Montserrat-SemiBold.ttf */ = {isa = PBXFileReference; explicitFileType = undefined; fileEncoding = 9; includeInIndex = 0; lastKnownFileType = unknown; name = "Montserrat-SemiBold.ttf"; path = "../assets/fonts/Montserrat-SemiBold.ttf"; sourceTree = "<group>"; };
		E612EE0B7BC848AABEEFA444 /* Feather.ttf */ = {isa = PBXFileReference; explicitFileType = undefined; fileEncoding = undefined; includeInIndex = 0; lastKnownFileType = unknown; name = Feather.ttf; path = "../node_modules/native-base/Fonts/Feather.ttf"; sourceTree = "<group>"; };
		E6779D180675473BA5B723D9 /* FontAwesome5_Solid.ttf */ = {isa = PBXFileReference; explicitFileType = undefined; fileEncoding = 9; includeInIndex = 0; lastKnownFileType = unknown; name = FontAwesome5_Solid.ttf; path = "../node_modules/react-native-vector-icons/Fonts/FontAwesome5_Solid.ttf"; sourceTree = "<group>"; };
		EB013E06881D48C99EA08D80 /* Lato-Bold.ttf */ = {isa = PBXFileReference; explicitFileType = undefined; fileEncoding = 9; includeInIndex = 0; lastKnownFileType = unknown; name = "Lato-Bold.ttf"; path = "../assets/fonts/Lato-Bold.ttf"; sourceTree = "<group>"; };
		EB52D0CEFFBB4535ACA254CD /* FontAwesome5_Brands.ttf */ = {isa = PBXFileReference; explicitFileType = undefined; fileEncoding = 9; includeInIndex = 0; lastKnownFileType = unknown; name = FontAwesome5_Brands.ttf; path = "../node_modules/react-native-vector-icons/Fonts/FontAwesome5_Brands.ttf"; sourceTree = "<group>"; };
		ED297162215061F000B7C4FE /* JavaScriptCore.framework */ = {isa = PBXFileReference; lastKnownFileType = wrapper.framework; name = JavaScriptCore.framework; path = System/Library/Frameworks/JavaScriptCore.framework; sourceTree = SDKROOT; };
		EF6DA4CE48B44EDE819CC98E /* SimpleLineIcons.ttf */ = {isa = PBXFileReference; explicitFileType = undefined; fileEncoding = 9; includeInIndex = 0; lastKnownFileType = unknown; name = SimpleLineIcons.ttf; path = "../node_modules/react-native-vector-icons/Fonts/SimpleLineIcons.ttf"; sourceTree = "<group>"; };
		F8DAFE43DD534A4CABD31C59 /* Montserrat-Light.ttf */ = {isa = PBXFileReference; explicitFileType = undefined; fileEncoding = 9; includeInIndex = 0; lastKnownFileType = unknown; name = "Montserrat-Light.ttf"; path = "../assets/fonts/Montserrat-Light.ttf"; sourceTree = "<group>"; };
/* End PBXFileReference section */

/* Begin PBXFrameworksBuildPhase section */
		00E356EB1AD99517003FC87E /* Frameworks */ = {
			isa = PBXFrameworksBuildPhase;
			buildActionMask = 2147483647;
			files = (
				091B1062B540F65AE43F1EE2 /* libPods-JewelCart-JewelCartTests.a in Frameworks */,
			);
			runOnlyForDeploymentPostprocessing = 0;
		};
		13B07F8C1A680F5B00A75B9A /* Frameworks */ = {
			isa = PBXFrameworksBuildPhase;
			buildActionMask = 2147483647;
			files = (
				8E251AFC2EB2A0AE524FD74B /* libPods-JewelCart.a in Frameworks */,
			);
			runOnlyForDeploymentPostprocessing = 0;
		};
/* End PBXFrameworksBuildPhase section */

/* Begin PBXGroup section */
		00E356EF1AD99517003FC87E /* JewelCartTests */ = {
			isa = PBXGroup;
			children = (
				00E356F21AD99517003FC87E /* JewelCartTests.m */,
				00E356F01AD99517003FC87E /* Supporting Files */,
			);
			path = JewelCartTests;
			sourceTree = "<group>";
		};
		00E356F01AD99517003FC87E /* Supporting Files */ = {
			isa = PBXGroup;
			children = (
				00E356F11AD99517003FC87E /* Info.plist */,
			);
			name = "Supporting Files";
			sourceTree = "<group>";
		};
		13B07FAE1A68108700A75B9A /* JewelCart */ = {
			isa = PBXGroup;
			children = (
				13B07FAF1A68108700A75B9A /* AppDelegate.h */,
				13B07FB01A68108700A75B9A /* AppDelegate.m */,
				13B07FB51A68108700A75B9A /* Images.xcassets */,
				13B07FB61A68108700A75B9A /* Info.plist */,
				81AB9BB72411601600AC10FF /* LaunchScreen.storyboard */,
				13B07FB71A68108700A75B9A /* main.m */,
			);
			name = JewelCart;
			sourceTree = "<group>";
		};
		2D16E6871FA4F8E400B85C8A /* Frameworks */ = {
			isa = PBXGroup;
			children = (
				ED297162215061F000B7C4FE /* JavaScriptCore.framework */,
				45801174AD7DC64327627B5C /* libPods-JewelCart.a */,
				8E41F909FDC50FE00F3DD76A /* libPods-JewelCart-JewelCartTests.a */,
			);
			name = Frameworks;
			sourceTree = "<group>";
		};
		34C151D6C4974F93A96DF5E5 /* Resources */ = {
			isa = PBXGroup;
			children = (
				CB4BE8485E824D3484378197 /* AntDesign.ttf */,
				364AD209A7E642E183E7B509 /* Entypo.ttf */,
				C19FE842DC584C278D3291DF /* EvilIcons.ttf */,
				A0351270A32A438085045D6C /* Feather.ttf */,
				C16180E4C47D40E18117C90E /* FontAwesome.ttf */,
				EB52D0CEFFBB4535ACA254CD /* FontAwesome5_Brands.ttf */,
				A2DAB9D038254CF499ED155A /* FontAwesome5_Regular.ttf */,
				E6779D180675473BA5B723D9 /* FontAwesome5_Solid.ttf */,
				88B67E3677494646AD1F0E9F /* Fontisto.ttf */,
				A70063CEF5564BD894BB4210 /* Foundation.ttf */,
				C514E9FA9DDE48C598A8B95C /* Ionicons.ttf */,
				5498CDACE3A442AEA3580B12 /* MaterialCommunityIcons.ttf */,
				020188A72D18481292444703 /* MaterialIcons.ttf */,
				8385D925CE384FC19AB1AAF5 /* Octicons.ttf */,
				EF6DA4CE48B44EDE819CC98E /* SimpleLineIcons.ttf */,
				99FDED84068E4759844639FA /* Zocial.ttf */,
				2B6D90FF0DF9406899E9656F /* CenturyGothic.ttf */,
				EB013E06881D48C99EA08D80 /* Lato-Bold.ttf */,
				C52C99F81DA944CBB6483801 /* Lato-Medium.ttf */,
				0AB62E9F9C4E44EFB076B13F /* Lato-Regular.ttf */,
				20A1F0330D774786A1E0F53E /* Montserrat-Black.ttf */,
				10B7B29463514084AF0841B0 /* Montserrat-Bold.ttf */,
				A4F788C95C254782A52E8B70 /* Montserrat-ExtraBold.ttf */,
				8068BB101D0749F9B48525A4 /* Montserrat-ExtraLight.ttf */,
				6AF5A812598D45EFABF01897 /* Montserrat-ExtraLightItalic.ttf */,
				C0824AC05FF84C77ACD7F8DB /* Montserrat-Italic.ttf */,
				F8DAFE43DD534A4CABD31C59 /* Montserrat-Light.ttf */,
				188DB72280974B8F937A2E24 /* Montserrat-LightItalic.ttf */,
				85DC0D4CC12A4437B0371846 /* Montserrat-Medium.ttf */,
				9F6D5EBAE9814B1BA4D370E0 /* Montserrat-Regular.ttf */,
				D91F605CC85343EFA83B7B03 /* Montserrat-SemiBold.ttf */,
				B5D9C105280F4AC0B36CA63D /* Montserrat-Thin.ttf */,
				A0089C6C54F84E3F976C3C15 /* Montserrat-ThinItalic.ttf */,
				28B15F59ECCC482C8C235C54 /* Lato-Semibold.ttf */,
				7A6420B8B44945F6B8D7D6AC /* AntDesign.ttf */,
				5ACEC2270F8A4B20A71B5F27 /* Entypo.ttf */,
				6CAF8D9167294814955C07F7 /* EvilIcons.ttf */,
				E612EE0B7BC848AABEEFA444 /* Feather.ttf */,
				5EABF142D706498D943396BA /* FontAwesome.ttf */,
				B06AF3FB14AA446187FDE275 /* FontAwesome5_Brands.ttf */,
				ACDBCF9C7BEB406385AFB4BE /* FontAwesome5_Regular.ttf */,
				5CA18B94A39749818745859E /* FontAwesome5_Solid.ttf */,
				63CD085A22F742E391EECB04 /* Fontisto.ttf */,
				10BAE82C9629486896656937 /* Foundation.ttf */,
				7F2FC0F4C2F24762A0901F4B /* Ionicons.ttf */,
				27B3BA0BC8BE4376A75BF9FB /* MaterialCommunityIcons.ttf */,
				1392B63A69DD400AA3857B10 /* MaterialIcons.ttf */,
				35EB070083AD4A9BB4D84ADF /* Octicons.ttf */,
				6D9368C8DC944690823DC6D5 /* Roboto_medium.ttf */,
				B6EAB5A672424974953C4669 /* Roboto.ttf */,
				C72E9D04B8CD495498D3FB76 /* rubicon-icon-font.ttf */,
				90D731F2DD3B464AB7FD1DE8 /* SimpleLineIcons.ttf */,
				A3484DC0F40D488A8F32AEAA /* Zocial.ttf */,
			);
			name = Resources;
			sourceTree = "<group>";
		};
		7EC6556BE447BFA71461D204 /* Pods */ = {
			isa = PBXGroup;
			children = (
				1D472697466A8FC5FFA2E3BC /* Pods-JewelCart.debug.xcconfig */,
				A9EE47B093B6D6CA2F250C61 /* Pods-JewelCart.release.xcconfig */,
				A5FF4C0B75D83EEB0C938658 /* Pods-JewelCart-JewelCartTests.debug.xcconfig */,
				C81CF55DE3B16E53F89ACBD6 /* Pods-JewelCart-JewelCartTests.release.xcconfig */,
			);
			path = Pods;
			sourceTree = "<group>";
		};
		832341AE1AAA6A7D00B99B32 /* Libraries */ = {
			isa = PBXGroup;
			children = (
			);
			name = Libraries;
			sourceTree = "<group>";
		};
		83CBB9F61A601CBA00E9B192 = {
			isa = PBXGroup;
			children = (
				13B07FAE1A68108700A75B9A /* JewelCart */,
				832341AE1AAA6A7D00B99B32 /* Libraries */,
				00E356EF1AD99517003FC87E /* JewelCartTests */,
				83CBBA001A601CBA00E9B192 /* Products */,
				2D16E6871FA4F8E400B85C8A /* Frameworks */,
				7EC6556BE447BFA71461D204 /* Pods */,
				34C151D6C4974F93A96DF5E5 /* Resources */,
			);
			indentWidth = 2;
			sourceTree = "<group>";
			tabWidth = 2;
			usesTabs = 0;
		};
		83CBBA001A601CBA00E9B192 /* Products */ = {
			isa = PBXGroup;
			children = (
				13B07F961A680F5B00A75B9A /* JewelCart.app */,
				00E356EE1AD99517003FC87E /* JewelCartTests.xctest */,
			);
			name = Products;
			sourceTree = "<group>";
		};
/* End PBXGroup section */

/* Begin PBXNativeTarget section */
		00E356ED1AD99517003FC87E /* JewelCartTests */ = {
			isa = PBXNativeTarget;
			buildConfigurationList = 00E357021AD99517003FC87E /* Build configuration list for PBXNativeTarget "JewelCartTests" */;
			buildPhases = (
				7F8A68F31A33B874812A053B /* [CP] Check Pods Manifest.lock */,
				00E356EA1AD99517003FC87E /* Sources */,
				00E356EB1AD99517003FC87E /* Frameworks */,
				00E356EC1AD99517003FC87E /* Resources */,
				2637AB9E6EB0E4475522BFA2 /* [CP] Embed Pods Frameworks */,
				9BC5D3F9F8E1D4B98F127CF5 /* [CP] Copy Pods Resources */,
			);
			buildRules = (
			);
			dependencies = (
				00E356F51AD99517003FC87E /* PBXTargetDependency */,
			);
			name = JewelCartTests;
			productName = JewelCartTests;
			productReference = 00E356EE1AD99517003FC87E /* JewelCartTests.xctest */;
			productType = "com.apple.product-type.bundle.unit-test";
		};
		13B07F861A680F5B00A75B9A /* JewelCart */ = {
			isa = PBXNativeTarget;
			buildConfigurationList = 13B07F931A680F5B00A75B9A /* Build configuration list for PBXNativeTarget "JewelCart" */;
			buildPhases = (
				C1DA0D65EBBE307E30DF6183 /* [CP] Check Pods Manifest.lock */,
				FD10A7F022414F080027D42C /* Start Packager */,
				13B07F871A680F5B00A75B9A /* Sources */,
				13B07F8C1A680F5B00A75B9A /* Frameworks */,
				13B07F8E1A680F5B00A75B9A /* Resources */,
				00DD1BFF1BD5951E006B06BC /* Bundle React Native code and images */,
				46075FE49169856A4D277860 /* [CP] Embed Pods Frameworks */,
				16162127DD42B992E57815F6 /* [CP] Copy Pods Resources */,
			);
			buildRules = (
			);
			dependencies = (
			);
			name = JewelCart;
			productName = JewelCart;
			productReference = 13B07F961A680F5B00A75B9A /* JewelCart.app */;
			productType = "com.apple.product-type.application";
		};
/* End PBXNativeTarget section */

/* Begin PBXProject section */
		83CBB9F71A601CBA00E9B192 /* Project object */ = {
			isa = PBXProject;
			attributes = {
				LastUpgradeCheck = 1210;
				TargetAttributes = {
					00E356ED1AD99517003FC87E = {
						CreatedOnToolsVersion = 6.2;
						TestTargetID = 13B07F861A680F5B00A75B9A;
					};
					13B07F861A680F5B00A75B9A = {
						LastSwiftMigration = 1120;
					};
				};
			};
			buildConfigurationList = 83CBB9FA1A601CBA00E9B192 /* Build configuration list for PBXProject "JewelCart" */;
			compatibilityVersion = "Xcode 12.0";
			developmentRegion = en;
			hasScannedForEncodings = 0;
			knownRegions = (
				en,
				Base,
			);
			mainGroup = 83CBB9F61A601CBA00E9B192;
			productRefGroup = 83CBBA001A601CBA00E9B192 /* Products */;
			projectDirPath = "";
			projectRoot = "";
			targets = (
				13B07F861A680F5B00A75B9A /* JewelCart */,
				00E356ED1AD99517003FC87E /* JewelCartTests */,
			);
		};
/* End PBXProject section */

/* Begin PBXResourcesBuildPhase section */
		00E356EC1AD99517003FC87E /* Resources */ = {
			isa = PBXResourcesBuildPhase;
			buildActionMask = 2147483647;
			files = (
			);
			runOnlyForDeploymentPostprocessing = 0;
		};
		13B07F8E1A680F5B00A75B9A /* Resources */ = {
			isa = PBXResourcesBuildPhase;
			buildActionMask = 2147483647;
			files = (
				81AB9BB82411601600AC10FF /* LaunchScreen.storyboard in Resources */,
				13B07FBF1A68108700A75B9A /* Images.xcassets in Resources */,
				BB7E0D0376EE4979BEE8854B /* CenturyGothic.ttf in Resources */,
				385EFD4B671D4BAAA7E9372E /* Lato-Bold.ttf in Resources */,
				6BCFA51091F4411DA69A8581 /* Lato-Medium.ttf in Resources */,
				D0BC3CE22F254687AD6609C8 /* Lato-Regular.ttf in Resources */,
				50F2FC1139894C40ABE18F2B /* Montserrat-Black.ttf in Resources */,
				EA0C7840F4634EF3A2153121 /* Montserrat-Bold.ttf in Resources */,
				D9C96DA531414139BBE86022 /* Montserrat-ExtraBold.ttf in Resources */,
				68025EB88BC14A47B0544078 /* Montserrat-ExtraLight.ttf in Resources */,
				736E0F01EEE740BEB32ACDBE /* Montserrat-ExtraLightItalic.ttf in Resources */,
				7CCF0C4E04244E62A3DDA13A /* Montserrat-Italic.ttf in Resources */,
				DE0676C802004BE3A76F8A02 /* Montserrat-Light.ttf in Resources */,
				9F388400FD5849A08FE9F4FB /* Montserrat-LightItalic.ttf in Resources */,
				25431BCC69AD452EB3691D8C /* Montserrat-Medium.ttf in Resources */,
				0D6EAD1EFFD34BE3A06FAB91 /* Montserrat-Regular.ttf in Resources */,
				2576063B270449679C902AD9 /* Montserrat-SemiBold.ttf in Resources */,
				9CFFF9247B8F448F82FC5B64 /* Montserrat-Thin.ttf in Resources */,
				2F19CBBCE7D04FC1A669641A /* Montserrat-ThinItalic.ttf in Resources */,
				02CC16E5ED7B44858761850C /* Lato-Semibold.ttf in Resources */,
				D10E596608CF4D28A0EAD02E /* AntDesign.ttf in Resources */,
				5A1F322575FD40E5BD34321E /* Entypo.ttf in Resources */,
				63681470C2EB49C696BA62B6 /* EvilIcons.ttf in Resources */,
				C32BC535561D4C59AF7F32F6 /* Feather.ttf in Resources */,
				B4ECBF7E577E427BB9F3ADB7 /* FontAwesome.ttf in Resources */,
				2BD533704D0143B7A83A3B33 /* FontAwesome5_Brands.ttf in Resources */,
				7A3D999159744332B38CC33A /* FontAwesome5_Regular.ttf in Resources */,
				873DB722B7A64E54BA1C1AD4 /* FontAwesome5_Solid.ttf in Resources */,
				9306EE88DEB5469293D63011 /* Fontisto.ttf in Resources */,
				4F0EE00EB83E419E9FF7239E /* Foundation.ttf in Resources */,
				A06558F5621F4F2EA4CE0CAF /* Ionicons.ttf in Resources */,
				8A5083ED5C0947CE941821B3 /* MaterialCommunityIcons.ttf in Resources */,
				046852DEA7B44679913B5300 /* MaterialIcons.ttf in Resources */,
				07D695E035404F16A8B6FFF9 /* Octicons.ttf in Resources */,
				8F482A68FA344E84B9D1D216 /* Roboto_medium.ttf in Resources */,
				31D5931403CC4D369719282D /* Roboto.ttf in Resources */,
				824EBE18B4F14B0089E88737 /* rubicon-icon-font.ttf in Resources */,
				37EDC3F94C8D41209C79ADC9 /* SimpleLineIcons.ttf in Resources */,
				B6CFC2A72F184C22BAC245C6 /* Zocial.ttf in Resources */,
			);
			runOnlyForDeploymentPostprocessing = 0;
		};
/* End PBXResourcesBuildPhase section */

/* Begin PBXShellScriptBuildPhase section */
		00DD1BFF1BD5951E006B06BC /* Bundle React Native code and images */ = {
			isa = PBXShellScriptBuildPhase;
			buildActionMask = 2147483647;
			files = (
			);
			inputPaths = (
			);
			name = "Bundle React Native code and images";
			outputPaths = (
			);
			runOnlyForDeploymentPostprocessing = 0;
			shellPath = /bin/sh;
			shellScript = "set -e\n\nexport NODE_BINARY=node\n../node_modules/react-native/scripts/react-native-xcode.sh\n";
		};
		16162127DD42B992E57815F6 /* [CP] Copy Pods Resources */ = {
			isa = PBXShellScriptBuildPhase;
			buildActionMask = 2147483647;
			files = (
			);
			inputFileListPaths = (
				"${PODS_ROOT}/Target Support Files/Pods-JewelCart/Pods-JewelCart-resources-${CONFIGURATION}-input-files.xcfilelist",
			);
			name = "[CP] Copy Pods Resources";
			outputFileListPaths = (
				"${PODS_ROOT}/Target Support Files/Pods-JewelCart/Pods-JewelCart-resources-${CONFIGURATION}-output-files.xcfilelist",
			);
			runOnlyForDeploymentPostprocessing = 0;
			shellPath = /bin/sh;
			shellScript = "\"${PODS_ROOT}/Target Support Files/Pods-JewelCart/Pods-JewelCart-resources.sh\"\n";
			showEnvVarsInLog = 0;
		};
		2637AB9E6EB0E4475522BFA2 /* [CP] Embed Pods Frameworks */ = {
			isa = PBXShellScriptBuildPhase;
			buildActionMask = 2147483647;
			files = (
			);
			inputFileListPaths = (
				"${PODS_ROOT}/Target Support Files/Pods-JewelCart-JewelCartTests/Pods-JewelCart-JewelCartTests-frameworks-${CONFIGURATION}-input-files.xcfilelist",
			);
			name = "[CP] Embed Pods Frameworks";
			outputFileListPaths = (
				"${PODS_ROOT}/Target Support Files/Pods-JewelCart-JewelCartTests/Pods-JewelCart-JewelCartTests-frameworks-${CONFIGURATION}-output-files.xcfilelist",
			);
			runOnlyForDeploymentPostprocessing = 0;
			shellPath = /bin/sh;
			shellScript = "\"${PODS_ROOT}/Target Support Files/Pods-JewelCart-JewelCartTests/Pods-JewelCart-JewelCartTests-frameworks.sh\"\n";
			showEnvVarsInLog = 0;
		};
		46075FE49169856A4D277860 /* [CP] Embed Pods Frameworks */ = {
			isa = PBXShellScriptBuildPhase;
			buildActionMask = 2147483647;
			files = (
			);
			inputFileListPaths = (
				"${PODS_ROOT}/Target Support Files/Pods-JewelCart/Pods-JewelCart-frameworks-${CONFIGURATION}-input-files.xcfilelist",
			);
			name = "[CP] Embed Pods Frameworks";
			outputFileListPaths = (
				"${PODS_ROOT}/Target Support Files/Pods-JewelCart/Pods-JewelCart-frameworks-${CONFIGURATION}-output-files.xcfilelist",
			);
			runOnlyForDeploymentPostprocessing = 0;
			shellPath = /bin/sh;
			shellScript = "\"${PODS_ROOT}/Target Support Files/Pods-JewelCart/Pods-JewelCart-frameworks.sh\"\n";
			showEnvVarsInLog = 0;
		};
		7F8A68F31A33B874812A053B /* [CP] Check Pods Manifest.lock */ = {
			isa = PBXShellScriptBuildPhase;
			buildActionMask = 2147483647;
			files = (
			);
			inputFileListPaths = (
			);
			inputPaths = (
				"${PODS_PODFILE_DIR_PATH}/Podfile.lock",
				"${PODS_ROOT}/Manifest.lock",
			);
			name = "[CP] Check Pods Manifest.lock";
			outputFileListPaths = (
			);
			outputPaths = (
				"$(DERIVED_FILE_DIR)/Pods-JewelCart-JewelCartTests-checkManifestLockResult.txt",
			);
			runOnlyForDeploymentPostprocessing = 0;
			shellPath = /bin/sh;
			shellScript = "diff \"${PODS_PODFILE_DIR_PATH}/Podfile.lock\" \"${PODS_ROOT}/Manifest.lock\" > /dev/null\nif [ $? != 0 ] ; then\n    # print error to STDERR\n    echo \"error: The sandbox is not in sync with the Podfile.lock. Run 'pod install' or update your CocoaPods installation.\" >&2\n    exit 1\nfi\n# This output is used by Xcode 'outputs' to avoid re-running this script phase.\necho \"SUCCESS\" > \"${SCRIPT_OUTPUT_FILE_0}\"\n";
			showEnvVarsInLog = 0;
		};
		9BC5D3F9F8E1D4B98F127CF5 /* [CP] Copy Pods Resources */ = {
			isa = PBXShellScriptBuildPhase;
			buildActionMask = 2147483647;
			files = (
			);
			inputFileListPaths = (
				"${PODS_ROOT}/Target Support Files/Pods-JewelCart-JewelCartTests/Pods-JewelCart-JewelCartTests-resources-${CONFIGURATION}-input-files.xcfilelist",
			);
			name = "[CP] Copy Pods Resources";
			outputFileListPaths = (
				"${PODS_ROOT}/Target Support Files/Pods-JewelCart-JewelCartTests/Pods-JewelCart-JewelCartTests-resources-${CONFIGURATION}-output-files.xcfilelist",
			);
			runOnlyForDeploymentPostprocessing = 0;
			shellPath = /bin/sh;
			shellScript = "\"${PODS_ROOT}/Target Support Files/Pods-JewelCart-JewelCartTests/Pods-JewelCart-JewelCartTests-resources.sh\"\n";
			showEnvVarsInLog = 0;
		};
		C1DA0D65EBBE307E30DF6183 /* [CP] Check Pods Manifest.lock */ = {
			isa = PBXShellScriptBuildPhase;
			buildActionMask = 2147483647;
			files = (
			);
			inputFileListPaths = (
			);
			inputPaths = (
				"${PODS_PODFILE_DIR_PATH}/Podfile.lock",
				"${PODS_ROOT}/Manifest.lock",
			);
			name = "[CP] Check Pods Manifest.lock";
			outputFileListPaths = (
			);
			outputPaths = (
				"$(DERIVED_FILE_DIR)/Pods-JewelCart-checkManifestLockResult.txt",
			);
			runOnlyForDeploymentPostprocessing = 0;
			shellPath = /bin/sh;
			shellScript = "diff \"${PODS_PODFILE_DIR_PATH}/Podfile.lock\" \"${PODS_ROOT}/Manifest.lock\" > /dev/null\nif [ $? != 0 ] ; then\n    # print error to STDERR\n    echo \"error: The sandbox is not in sync with the Podfile.lock. Run 'pod install' or update your CocoaPods installation.\" >&2\n    exit 1\nfi\n# This output is used by Xcode 'outputs' to avoid re-running this script phase.\necho \"SUCCESS\" > \"${SCRIPT_OUTPUT_FILE_0}\"\n";
			showEnvVarsInLog = 0;
		};
		FD10A7F022414F080027D42C /* Start Packager */ = {
			isa = PBXShellScriptBuildPhase;
			buildActionMask = 2147483647;
			files = (
			);
			inputFileListPaths = (
			);
			inputPaths = (
			);
			name = "Start Packager";
			outputFileListPaths = (
			);
			outputPaths = (
			);
			runOnlyForDeploymentPostprocessing = 0;
			shellPath = /bin/sh;
			shellScript = "export RCT_METRO_PORT=\"${RCT_METRO_PORT:=8081}\"\necho \"export RCT_METRO_PORT=${RCT_METRO_PORT}\" > \"${SRCROOT}/../node_modules/react-native/scripts/.packager.env\"\nif [ -z \"${RCT_NO_LAUNCH_PACKAGER+xxx}\" ] ; then\n  if nc -w 5 -z localhost ${RCT_METRO_PORT} ; then\n    if ! curl -s \"http://localhost:${RCT_METRO_PORT}/status\" | grep -q \"packager-status:running\" ; then\n      echo \"Port ${RCT_METRO_PORT} already in use, packager is either not running or not running correctly\"\n      exit 2\n    fi\n  else\n    open \"$SRCROOT/../node_modules/react-native/scripts/launchPackager.command\" || echo \"Can't start packager automatically\"\n  fi\nfi\n";
			showEnvVarsInLog = 0;
		};
/* End PBXShellScriptBuildPhase section */

/* Begin PBXSourcesBuildPhase section */
		00E356EA1AD99517003FC87E /* Sources */ = {
			isa = PBXSourcesBuildPhase;
			buildActionMask = 2147483647;
			files = (
				00E356F31AD99517003FC87E /* JewelCartTests.m in Sources */,
			);
			runOnlyForDeploymentPostprocessing = 0;
		};
		13B07F871A680F5B00A75B9A /* Sources */ = {
			isa = PBXSourcesBuildPhase;
			buildActionMask = 2147483647;
			files = (
				13B07FBC1A68108700A75B9A /* AppDelegate.m in Sources */,
				13B07FC11A68108700A75B9A /* main.m in Sources */,
			);
			runOnlyForDeploymentPostprocessing = 0;
		};
/* End PBXSourcesBuildPhase section */

/* Begin PBXTargetDependency section */
		00E356F51AD99517003FC87E /* PBXTargetDependency */ = {
			isa = PBXTargetDependency;
			target = 13B07F861A680F5B00A75B9A /* JewelCart */;
			targetProxy = 00E356F41AD99517003FC87E /* PBXContainerItemProxy */;
		};
/* End PBXTargetDependency section */

/* Begin XCBuildConfiguration section */
		00E356F61AD99517003FC87E /* Debug */ = {
			isa = XCBuildConfiguration;
			baseConfigurationReference = A5FF4C0B75D83EEB0C938658 /* Pods-JewelCart-JewelCartTests.debug.xcconfig */;
			buildSettings = {
				BUNDLE_LOADER = "$(TEST_HOST)";
				GCC_PREPROCESSOR_DEFINITIONS = (
					"DEBUG=1",
					"$(inherited)",
				);
				INFOPLIST_FILE = JewelCartTests/Info.plist;
				IPHONEOS_DEPLOYMENT_TARGET = 10.0;
				LD_RUNPATH_SEARCH_PATHS = (
					"$(inherited)",
					"@executable_path/Frameworks",
					"@loader_path/Frameworks",
				);
				OTHER_LDFLAGS = (
					"-ObjC",
					"-lc++",
					"$(inherited)",
				);
				PRODUCT_BUNDLE_IDENTIFIER = "org.reactjs.native.example.$(PRODUCT_NAME:rfc1034identifier)";
				PRODUCT_NAME = "$(TARGET_NAME)";
				TEST_HOST = "$(BUILT_PRODUCTS_DIR)/JewelCart.app/JewelCart";
			};
			name = Debug;
		};
		00E356F71AD99517003FC87E /* Release */ = {
			isa = XCBuildConfiguration;
			baseConfigurationReference = C81CF55DE3B16E53F89ACBD6 /* Pods-JewelCart-JewelCartTests.release.xcconfig */;
			buildSettings = {
				BUNDLE_LOADER = "$(TEST_HOST)";
				COPY_PHASE_STRIP = NO;
				INFOPLIST_FILE = JewelCartTests/Info.plist;
				IPHONEOS_DEPLOYMENT_TARGET = 10.0;
				LD_RUNPATH_SEARCH_PATHS = (
					"$(inherited)",
					"@executable_path/Frameworks",
					"@loader_path/Frameworks",
				);
				OTHER_LDFLAGS = (
					"-ObjC",
					"-lc++",
					"$(inherited)",
				);
				PRODUCT_BUNDLE_IDENTIFIER = "org.reactjs.native.example.$(PRODUCT_NAME:rfc1034identifier)";
				PRODUCT_NAME = "$(TARGET_NAME)";
				TEST_HOST = "$(BUILT_PRODUCTS_DIR)/JewelCart.app/JewelCart";
			};
			name = Release;
		};
		13B07F941A680F5B00A75B9A /* Debug */ = {
			isa = XCBuildConfiguration;
			baseConfigurationReference = 1D472697466A8FC5FFA2E3BC /* Pods-JewelCart.debug.xcconfig */;
			buildSettings = {
				ASSETCATALOG_COMPILER_APPICON_NAME = AppIcon;
				CLANG_ENABLE_MODULES = YES;
				CODE_SIGN_IDENTITY = "Apple Development";
				CODE_SIGN_STYLE = Automatic;
				CURRENT_PROJECT_VERSION = 1;
				DEVELOPMENT_TEAM = ZAWGQ38PQJ;
				ENABLE_BITCODE = NO;
				INFOPLIST_FILE = JewelCart/Info.plist;
				LD_RUNPATH_SEARCH_PATHS = (
					"$(inherited)",
					"@executable_path/Frameworks",
				);
				MARKETING_VERSION = 1.0.0;
				OTHER_LDFLAGS = (
					"$(inherited)",
					"-ObjC",
					"-lc++",
				);
				PRODUCT_BUNDLE_IDENTIFIER = "org.reactjs.native.example.$(PRODUCT_NAME:rfc1034identifier)";
				PRODUCT_NAME = JewelCart;
				PROVISIONING_PROFILE_SPECIFIER = "";
				SWIFT_OPTIMIZATION_LEVEL = "-Onone";
				SWIFT_VERSION = 5.0;
				VERSIONING_SYSTEM = "apple-generic";
			};
			name = Debug;
		};
		13B07F951A680F5B00A75B9A /* Release */ = {
			isa = XCBuildConfiguration;
			baseConfigurationReference = A9EE47B093B6D6CA2F250C61 /* Pods-JewelCart.release.xcconfig */;
			buildSettings = {
				ASSETCATALOG_COMPILER_APPICON_NAME = AppIcon;
				CLANG_ENABLE_MODULES = YES;
				CODE_SIGN_IDENTITY = "Apple Development";
				CODE_SIGN_STYLE = Automatic;
				CURRENT_PROJECT_VERSION = 1;
				DEVELOPMENT_TEAM = ZAWGQ38PQJ;
				INFOPLIST_FILE = JewelCart/Info.plist;
				LD_RUNPATH_SEARCH_PATHS = (
					"$(inherited)",
					"@executable_path/Frameworks",
				);
				MARKETING_VERSION = 1.0.0;
				OTHER_LDFLAGS = (
					"$(inherited)",
					"-ObjC",
					"-lc++",
				);
				PRODUCT_BUNDLE_IDENTIFIER = "org.reactjs.native.example.$(PRODUCT_NAME:rfc1034identifier)";
				PRODUCT_NAME = JewelCart;
				PROVISIONING_PROFILE_SPECIFIER = "";
				SWIFT_VERSION = 5.0;
				VERSIONING_SYSTEM = "apple-generic";
			};
			name = Release;
		};
		83CBBA201A601CBA00E9B192 /* Debug */ = {
			isa = XCBuildConfiguration;
			buildSettings = {
				ALWAYS_SEARCH_USER_PATHS = NO;
				CLANG_ANALYZER_LOCALIZABILITY_NONLOCALIZED = YES;
				CLANG_CXX_LANGUAGE_STANDARD = "gnu++0x";
				CLANG_CXX_LIBRARY = "libc++";
				CLANG_ENABLE_MODULES = YES;
				CLANG_ENABLE_OBJC_ARC = YES;
				CLANG_WARN_BLOCK_CAPTURE_AUTORELEASING = YES;
				CLANG_WARN_BOOL_CONVERSION = YES;
				CLANG_WARN_COMMA = YES;
				CLANG_WARN_CONSTANT_CONVERSION = YES;
				CLANG_WARN_DEPRECATED_OBJC_IMPLEMENTATIONS = YES;
				CLANG_WARN_DIRECT_OBJC_ISA_USAGE = YES_ERROR;
				CLANG_WARN_EMPTY_BODY = YES;
				CLANG_WARN_ENUM_CONVERSION = YES;
				CLANG_WARN_INFINITE_RECURSION = YES;
				CLANG_WARN_INT_CONVERSION = YES;
				CLANG_WARN_NON_LITERAL_NULL_CONVERSION = YES;
				CLANG_WARN_OBJC_IMPLICIT_RETAIN_SELF = YES;
				CLANG_WARN_OBJC_LITERAL_CONVERSION = YES;
				CLANG_WARN_OBJC_ROOT_CLASS = YES_ERROR;
				CLANG_WARN_QUOTED_INCLUDE_IN_FRAMEWORK_HEADER = YES;
				CLANG_WARN_RANGE_LOOP_ANALYSIS = YES;
				CLANG_WARN_STRICT_PROTOTYPES = YES;
				CLANG_WARN_SUSPICIOUS_MOVE = YES;
				CLANG_WARN_UNREACHABLE_CODE = YES;
				CLANG_WARN__DUPLICATE_METHOD_MATCH = YES;
				"CODE_SIGN_IDENTITY[sdk=iphoneos*]" = "iPhone Developer";
				COPY_PHASE_STRIP = NO;
				ENABLE_STRICT_OBJC_MSGSEND = YES;
				ENABLE_TESTABILITY = YES;
				"EXCLUDED_ARCHS[sdk=iphonesimulator*]" = "arm64 ";
				GCC_C_LANGUAGE_STANDARD = gnu99;
				GCC_DYNAMIC_NO_PIC = NO;
				GCC_NO_COMMON_BLOCKS = YES;
				GCC_OPTIMIZATION_LEVEL = 0;
				GCC_PREPROCESSOR_DEFINITIONS = (
					"DEBUG=1",
					"$(inherited)",
				);
				GCC_SYMBOLS_PRIVATE_EXTERN = NO;
				GCC_WARN_64_TO_32_BIT_CONVERSION = YES;
				GCC_WARN_ABOUT_RETURN_TYPE = YES_ERROR;
				GCC_WARN_UNDECLARED_SELECTOR = YES;
				GCC_WARN_UNINITIALIZED_AUTOS = YES_AGGRESSIVE;
				GCC_WARN_UNUSED_FUNCTION = YES;
				GCC_WARN_UNUSED_VARIABLE = YES;
				IPHONEOS_DEPLOYMENT_TARGET = 10.0;
				LD_RUNPATH_SEARCH_PATHS = (
					/usr/lib/swift,
					"$(inherited)",
				);
				LIBRARY_SEARCH_PATHS = (
					"\"$(TOOLCHAIN_DIR)/usr/lib/swift/$(PLATFORM_NAME)\"",
					"\"$(TOOLCHAIN_DIR)/usr/lib/swift-5.0/$(PLATFORM_NAME)\"",
					"\"$(inherited)\"",
				);
				MTL_ENABLE_DEBUG_INFO = YES;
				ONLY_ACTIVE_ARCH = YES;
				SDKROOT = iphoneos;
			};
			name = Debug;
		};
		83CBBA211A601CBA00E9B192 /* Release */ = {
			isa = XCBuildConfiguration;
			buildSettings = {
				ALWAYS_SEARCH_USER_PATHS = NO;
				CLANG_ANALYZER_LOCALIZABILITY_NONLOCALIZED = YES;
				CLANG_CXX_LANGUAGE_STANDARD = "gnu++0x";
				CLANG_CXX_LIBRARY = "libc++";
				CLANG_ENABLE_MODULES = YES;
				CLANG_ENABLE_OBJC_ARC = YES;
				CLANG_WARN_BLOCK_CAPTURE_AUTORELEASING = YES;
				CLANG_WARN_BOOL_CONVERSION = YES;
				CLANG_WARN_COMMA = YES;
				CLANG_WARN_CONSTANT_CONVERSION = YES;
				CLANG_WARN_DEPRECATED_OBJC_IMPLEMENTATIONS = YES;
				CLANG_WARN_DIRECT_OBJC_ISA_USAGE = YES_ERROR;
				CLANG_WARN_EMPTY_BODY = YES;
				CLANG_WARN_ENUM_CONVERSION = YES;
				CLANG_WARN_INFINITE_RECURSION = YES;
				CLANG_WARN_INT_CONVERSION = YES;
				CLANG_WARN_NON_LITERAL_NULL_CONVERSION = YES;
				CLANG_WARN_OBJC_IMPLICIT_RETAIN_SELF = YES;
				CLANG_WARN_OBJC_LITERAL_CONVERSION = YES;
				CLANG_WARN_OBJC_ROOT_CLASS = YES_ERROR;
				CLANG_WARN_QUOTED_INCLUDE_IN_FRAMEWORK_HEADER = YES;
				CLANG_WARN_RANGE_LOOP_ANALYSIS = YES;
				CLANG_WARN_STRICT_PROTOTYPES = YES;
				CLANG_WARN_SUSPICIOUS_MOVE = YES;
				CLANG_WARN_UNREACHABLE_CODE = YES;
				CLANG_WARN__DUPLICATE_METHOD_MATCH = YES;
				"CODE_SIGN_IDENTITY[sdk=iphoneos*]" = "iPhone Developer";
				COPY_PHASE_STRIP = YES;
				ENABLE_NS_ASSERTIONS = NO;
				ENABLE_STRICT_OBJC_MSGSEND = YES;
				"EXCLUDED_ARCHS[sdk=iphonesimulator*]" = "arm64 ";
				GCC_C_LANGUAGE_STANDARD = gnu99;
				GCC_NO_COMMON_BLOCKS = YES;
				GCC_WARN_64_TO_32_BIT_CONVERSION = YES;
				GCC_WARN_ABOUT_RETURN_TYPE = YES_ERROR;
				GCC_WARN_UNDECLARED_SELECTOR = YES;
				GCC_WARN_UNINITIALIZED_AUTOS = YES_AGGRESSIVE;
				GCC_WARN_UNUSED_FUNCTION = YES;
				GCC_WARN_UNUSED_VARIABLE = YES;
				IPHONEOS_DEPLOYMENT_TARGET = 10.0;
				LD_RUNPATH_SEARCH_PATHS = (
					/usr/lib/swift,
					"$(inherited)",
				);
				LIBRARY_SEARCH_PATHS = (
					"\"$(TOOLCHAIN_DIR)/usr/lib/swift/$(PLATFORM_NAME)\"",
					"\"$(TOOLCHAIN_DIR)/usr/lib/swift-5.0/$(PLATFORM_NAME)\"",
					"\"$(inherited)\"",
				);
				MTL_ENABLE_DEBUG_INFO = NO;
				SDKROOT = iphoneos;
				VALIDATE_PRODUCT = YES;
			};
			name = Release;
		};
/* End XCBuildConfiguration section */

/* Begin XCConfigurationList section */
		00E357021AD99517003FC87E /* Build configuration list for PBXNativeTarget "JewelCartTests" */ = {
			isa = XCConfigurationList;
			buildConfigurations = (
				00E356F61AD99517003FC87E /* Debug */,
				00E356F71AD99517003FC87E /* Release */,
			);
			defaultConfigurationIsVisible = 0;
			defaultConfigurationName = Release;
		};
		13B07F931A680F5B00A75B9A /* Build configuration list for PBXNativeTarget "JewelCart" */ = {
			isa = XCConfigurationList;
			buildConfigurations = (
				13B07F941A680F5B00A75B9A /* Debug */,
				13B07F951A680F5B00A75B9A /* Release */,
			);
			defaultConfigurationIsVisible = 0;
			defaultConfigurationName = Release;
		};
		83CBB9FA1A601CBA00E9B192 /* Build configuration list for PBXProject "JewelCart" */ = {
			isa = XCConfigurationList;
			buildConfigurations = (
				83CBBA201A601CBA00E9B192 /* Debug */,
				83CBBA211A601CBA00E9B192 /* Release */,
			);
			defaultConfigurationIsVisible = 0;
			defaultConfigurationName = Release;
		};
/* End XCConfigurationList section */
	};
	rootObject = 83CBB9F71A601CBA00E9B192 /* Project object */;
}
